
Microsoft Visual Studio Solution File, Format Version 12.00
# Visual Studio 15
VisualStudioVersion = 15.0.27703.2026
MinimumVisualStudioVersion = 10.0.40219.1
Project("{FAE04EC0-301F-11D3-BF4B-00C04F79EFBC}") = "AplicacionMovil.Android", "AplicacionMovil\AplicacionMovil.Android\AplicacionMovil.Android.csproj", "{BC6ED7A6-66C1-43A1-8386-58CB23E64915}"
EndProject
Project("{D954291E-2A0B-460D-934E-DC6B0785DB48}") = "AplicacionMovil", "AplicacionMovil\AplicacionMovil\AplicacionMovil.shproj", "{F4025220-EDBA-4309-9101-EE0A2B7214EA}"
EndProject
Global
	GlobalSection(SharedMSBuildProjectFiles) = preSolution
		AplicacionMovil\AplicacionMovil\AplicacionMovil.projitems*{bc6ed7a6-66c1-43a1-8386-58cb23e64915}*SharedItemsImports = 4
		AplicacionMovil\AplicacionMovil\AplicacionMovil.projitems*{f4025220-edba-4309-9101-ee0a2b7214ea}*SharedItemsImports = 13
	EndGlobalSection
	GlobalSection(SolutionConfigurationPlatforms) = preSolution
		Debug|Any CPU = Debug|Any CPU
		Release|Any CPU = Release|Any CPU
	EndGlobalSection
	GlobalSection(ProjectConfigurationPlatforms) = postSolution
		{BC6ED7A6-66C1-43A1-8386-58CB23E64915}.Debug|Any CPU.ActiveCfg = Debug|Any CPU
		{BC6ED7A6-66C1-43A1-8386-58CB23E64915}.Debug|Any CPU.Build.0 = Debug|Any CPU
		{BC6ED7A6-66C1-43A1-8386-58CB23E64915}.Debug|Any CPU.Deploy.0 = Debug|Any CPU
		{BC6ED7A6-66C1-43A1-8386-58CB23E64915}.Release|Any CPU.ActiveCfg = Release|Any CPU
		{BC6ED7A6-66C1-43A1-8386-58CB23E64915}.Release|Any CPU.Build.0 = Release|Any CPU
		{BC6ED7A6-66C1-43A1-8386-58CB23E64915}.Release|Any CPU.Deploy.0 = Release|Any CPU
	EndGlobalSection
	GlobalSection(SolutionProperties) = preSolution
		HideSolutionNode = FALSE
	EndGlobalSection
	GlobalSection(ExtensibilityGlobals) = postSolution
		SolutionGuid = {4658B738-F41C-4BB7-9A37-E8064273684D}
	EndGlobalSection
EndGlobal
